
Microsoft Visual Studio Solution File, Format Version 12.00
# Visual Studio Version 17
VisualStudioVersion = 17.3.32819.101
MinimumVisualStudioVersion = 10.0.40219.1
Project("{FAE04EC0-301F-11D3-BF4B-00C04F79EFBC}") = "USG_Anormaly", "USG_Anormaly\USG_Anormaly.csproj", "{DD3B71F9-B51C-4F7A-AA56-C5B487E62C0F}"
EndProject
Project("{FAE04EC0-301F-11D3-BF4B-00C04F79EFBC}") = "USG_Anormaly_lib", "USG_Anormaly_lib\USG_Anormaly_lib.csproj", "{AB5DC173-24AB-449E-A379-64FF2CE32FB5}"
EndProject
Project("{9A19103F-16F7-4668-BE54-9A1E7A4F7556}") = "USG_Anormaly_Server", "USG_Anormaly_Server\USG_Anormaly_Server.csproj", "{66FE1991-7B9F-45A1-B245-15FCBA53A9C7}"
EndProject
Project("{FAE04EC0-301F-11D3-BF4B-00C04F79EFBC}") = "USG_Anormaly_DL_lib", "USG_Anormaly_DL_lib\USG_Anormaly_DL_lib.csproj", "{652063B7-85E7-4261-9C88-EDB694BA69AE}"
EndProject
Project("{FAE04EC0-301F-11D3-BF4B-00C04F79EFBC}") = "SignalRTest", "SignalRTest\SignalRTest.csproj", "{95EAC513-4047-455A-96B7-2A54893378E5}"
EndProject
Project("{FAE04EC0-301F-11D3-BF4B-00C04F79EFBC}") = "AnomalyTraining_Service", "AnomalyTraining_Service\AnomalyTraining_Service.csproj", "{0FB216C1-BE6F-4671-A85F-D439ABABF319}"
EndProject
Project("{2150E333-8FDC-42A3-9474-1A3956D46DE8}") = "Lib", "Lib", "{C4316482-D7B7-455C-85FC-C55FE8F2D6B5}"
EndProject
Project("{2150E333-8FDC-42A3-9474-1A3956D46DE8}") = "Webservice", "Webservice", "{7422C862-C297-4D91-BF3F-0FD4454964F3}"
EndProject
Project("{2150E333-8FDC-42A3-9474-1A3956D46DE8}") = "Training", "Training", "{81F61650-1742-4039-AF11-F9C38983F44E}"
EndProject
Project("{2150E333-8FDC-42A3-9474-1A3956D46DE8}") = "Test", "Test", "{F6801D73-6A08-42AC-B11C-AB09CC29C4B5}"
EndProject
Project("{2150E333-8FDC-42A3-9474-1A3956D46DE8}") = "WindowsFrmUIControlApp", "WindowsFrmUIControlApp", "{D0AD4232-B6D4-4487-9723-0FBE3823F0FB}"
EndProject
Project("{FAE04EC0-301F-11D3-BF4B-00C04F79EFBC}") = "AnormalyTraining_Service_Remote", "AnormalyTraining_Service_Remote\AnormalyTraining_Service_Remote.csproj", "{17D8740D-1B25-4E2B-9543-CCA1E7BA6C50}"
EndProject
Project("{FAE04EC0-301F-11D3-BF4B-00C04F79EFBC}") = "TestUI", "TestUI\TestUI.csproj", "{F14C6444-2321-4FBC-AD91-3B6A66331212}"
EndProject
Project("{FAE04EC0-301F-11D3-BF4B-00C04F79EFBC}") = "TestFunction", "TestFunction\TestFunction.csproj", "{3D233BF8-237D-42C7-9A56-2C21907FC997}"
EndProject
Project("{FAE04EC0-301F-11D3-BF4B-00C04F79EFBC}") = "USG_Anormaly_Server_Infer", "USG_Anormaly_Server_Infer\USG_Anormaly_Server_Infer.csproj", "{8128DEE8-1B6C-4FC0-BD1B-668FE7E2E967}"
EndProject
Global
	GlobalSection(SolutionConfigurationPlatforms) = preSolution
		Debug|Any CPU = Debug|Any CPU
		Debug|x64 = Debug|x64
		Debug|x86 = Debug|x86
		Release|Any CPU = Release|Any CPU
		Release|x64 = Release|x64
		Release|x86 = Release|x86
	EndGlobalSection
	GlobalSection(ProjectConfigurationPlatforms) = postSolution
		{DD3B71F9-B51C-4F7A-AA56-C5B487E62C0F}.Debug|Any CPU.ActiveCfg = Debug|Any CPU
		{DD3B71F9-B51C-4F7A-AA56-C5B487E62C0F}.Debug|Any CPU.Build.0 = Debug|Any CPU
		{DD3B71F9-B51C-4F7A-AA56-C5B487E62C0F}.Debug|x64.ActiveCfg = Debug|Any CPU
		{DD3B71F9-B51C-4F7A-AA56-C5B487E62C0F}.Debug|x64.Build.0 = Debug|Any CPU
		{DD3B71F9-B51C-4F7A-AA56-C5B487E62C0F}.Debug|x86.ActiveCfg = Debug|Any CPU
		{DD3B71F9-B51C-4F7A-AA56-C5B487E62C0F}.Debug|x86.Build.0 = Debug|Any CPU
		{DD3B71F9-B51C-4F7A-AA56-C5B487E62C0F}.Release|Any CPU.ActiveCfg = Release|Any CPU
		{DD3B71F9-B51C-4F7A-AA56-C5B487E62C0F}.Release|Any CPU.Build.0 = Release|Any CPU
		{DD3B71F9-B51C-4F7A-AA56-C5B487E62C0F}.Release|x64.ActiveCfg = Release|Any CPU
		{DD3B71F9-B51C-4F7A-AA56-C5B487E62C0F}.Release|x64.Build.0 = Release|Any CPU
		{DD3B71F9-B51C-4F7A-AA56-C5B487E62C0F}.Release|x86.ActiveCfg = Release|Any CPU
		{DD3B71F9-B51C-4F7A-AA56-C5B487E62C0F}.Release|x86.Build.0 = Release|Any CPU
		{AB5DC173-24AB-449E-A379-64FF2CE32FB5}.Debug|Any CPU.ActiveCfg = Debug|Any CPU
		{AB5DC173-24AB-449E-A379-64FF2CE32FB5}.Debug|Any CPU.Build.0 = Debug|Any CPU
		{AB5DC173-24AB-449E-A379-64FF2CE32FB5}.Debug|x64.ActiveCfg = Debug|Any CPU
		{AB5DC173-24AB-449E-A379-64FF2CE32FB5}.Debug|x64.Build.0 = Debug|Any CPU
		{AB5DC173-24AB-449E-A379-64FF2CE32FB5}.Debug|x86.ActiveCfg = Debug|Any CPU
		{AB5DC173-24AB-449E-A379-64FF2CE32FB5}.Debug|x86.Build.0 = Debug|Any CPU
		{AB5DC173-24AB-449E-A379-64FF2CE32FB5}.Release|Any CPU.ActiveCfg = Release|Any CPU
		{AB5DC173-24AB-449E-A379-64FF2CE32FB5}.Release|Any CPU.Build.0 = Release|Any CPU
		{AB5DC173-24AB-449E-A379-64FF2CE32FB5}.Release|x64.ActiveCfg = Release|Any CPU
		{AB5DC173-24AB-449E-A379-64FF2CE32FB5}.Release|x64.Build.0 = Release|Any CPU
		{AB5DC173-24AB-449E-A379-64FF2CE32FB5}.Release|x86.ActiveCfg = Release|Any CPU
		{AB5DC173-24AB-449E-A379-64FF2CE32FB5}.Release|x86.Build.0 = Release|Any CPU
		{66FE1991-7B9F-45A1-B245-15FCBA53A9C7}.Debug|Any CPU.ActiveCfg = Debug|Any CPU
		{66FE1991-7B9F-45A1-B245-15FCBA53A9C7}.Debug|Any CPU.Build.0 = Debug|Any CPU
		{66FE1991-7B9F-45A1-B245-15FCBA53A9C7}.Debug|x64.ActiveCfg = Debug|Any CPU
		{66FE1991-7B9F-45A1-B245-15FCBA53A9C7}.Debug|x64.Build.0 = Debug|Any CPU
		{66FE1991-7B9F-45A1-B245-15FCBA53A9C7}.Debug|x86.ActiveCfg = Debug|Any CPU
		{66FE1991-7B9F-45A1-B245-15FCBA53A9C7}.Debug|x86.Build.0 = Debug|Any CPU
		{66FE1991-7B9F-45A1-B245-15FCBA53A9C7}.Release|Any CPU.ActiveCfg = Release|Any CPU
		{66FE1991-7B9F-45A1-B245-15FCBA53A9C7}.Release|Any CPU.Build.0 = Release|Any CPU
		{66FE1991-7B9F-45A1-B245-15FCBA53A9C7}.Release|x64.ActiveCfg = Release|Any CPU
		{66FE1991-7B9F-45A1-B245-15FCBA53A9C7}.Release|x64.Build.0 = Release|Any CPU
		{66FE1991-7B9F-45A1-B245-15FCBA53A9C7}.Release|x86.ActiveCfg = Release|Any CPU
		{66FE1991-7B9F-45A1-B245-15FCBA53A9C7}.Release|x86.Build.0 = Release|Any CPU
		{652063B7-85E7-4261-9C88-EDB694BA69AE}.Debug|Any CPU.ActiveCfg = Debug|Any CPU
		{652063B7-85E7-4261-9C88-EDB694BA69AE}.Debug|Any CPU.Build.0 = Debug|Any CPU
		{652063B7-85E7-4261-9C88-EDB694BA69AE}.Debug|x64.ActiveCfg = Debug|Any CPU
		{652063B7-85E7-4261-9C88-EDB694BA69AE}.Debug|x64.Build.0 = Debug|Any CPU
		{652063B7-85E7-4261-9C88-EDB694BA69AE}.Debug|x86.ActiveCfg = Debug|Any CPU
		{652063B7-85E7-4261-9C88-EDB694BA69AE}.Debug|x86.Build.0 = Debug|Any CPU
		{652063B7-85E7-4261-9C88-EDB694BA69AE}.Release|Any CPU.ActiveCfg = Release|Any CPU
		{652063B7-85E7-4261-9C88-EDB694BA69AE}.Release|Any CPU.Build.0 = Release|Any CPU
		{652063B7-85E7-4261-9C88-EDB694BA69AE}.Release|x64.ActiveCfg = Release|Any CPU
		{652063B7-85E7-4261-9C88-EDB694BA69AE}.Release|x64.Build.0 = Release|Any CPU
		{652063B7-85E7-4261-9C88-EDB694BA69AE}.Release|x86.ActiveCfg = Release|Any CPU
		{652063B7-85E7-4261-9C88-EDB694BA69AE}.Release|x86.Build.0 = Release|Any CPU
		{95EAC513-4047-455A-96B7-2A54893378E5}.Debug|Any CPU.ActiveCfg = Debug|Any CPU
		{95EAC513-4047-455A-96B7-2A54893378E5}.Debug|Any CPU.Build.0 = Debug|Any CPU
		{95EAC513-4047-455A-96B7-2A54893378E5}.Debug|x64.ActiveCfg = Debug|Any CPU
		{95EAC513-4047-455A-96B7-2A54893378E5}.Debug|x64.Build.0 = Debug|Any CPU
		{95EAC513-4047-455A-96B7-2A54893378E5}.Debug|x86.ActiveCfg = Debug|Any CPU
		{95EAC513-4047-455A-96B7-2A54893378E5}.Debug|x86.Build.0 = Debug|Any CPU
		{95EAC513-4047-455A-96B7-2A54893378E5}.Release|Any CPU.ActiveCfg = Release|Any CPU
		{95EAC513-4047-455A-96B7-2A54893378E5}.Release|Any CPU.Build.0 = Release|Any CPU
		{95EAC513-4047-455A-96B7-2A54893378E5}.Release|x64.ActiveCfg = Release|Any CPU
		{95EAC513-4047-455A-96B7-2A54893378E5}.Release|x64.Build.0 = Release|Any CPU
		{95EAC513-4047-455A-96B7-2A54893378E5}.Release|x86.ActiveCfg = Release|Any CPU
		{95EAC513-4047-455A-96B7-2A54893378E5}.Release|x86.Build.0 = Release|Any CPU
		{0FB216C1-BE6F-4671-A85F-D439ABABF319}.Debug|Any CPU.ActiveCfg = Debug|Any CPU
		{0FB216C1-BE6F-4671-A85F-D439ABABF319}.Debug|Any CPU.Build.0 = Debug|Any CPU
		{0FB216C1-BE6F-4671-A85F-D439ABABF319}.Debug|x64.ActiveCfg = Debug|Any CPU
		{0FB216C1-BE6F-4671-A85F-D439ABABF319}.Debug|x64.Build.0 = Debug|Any CPU
		{0FB216C1-BE6F-4671-A85F-D439ABABF319}.Debug|x86.ActiveCfg = Debug|Any CPU
		{0FB216C1-BE6F-4671-A85F-D439ABABF319}.Debug|x86.Build.0 = Debug|Any CPU
		{0FB216C1-BE6F-4671-A85F-D439ABABF319}.Release|Any CPU.ActiveCfg = Release|Any CPU
		{0FB216C1-BE6F-4671-A85F-D439ABABF319}.Release|Any CPU.Build.0 = Release|Any CPU
		{0FB216C1-BE6F-4671-A85F-D439ABABF319}.Release|x64.ActiveCfg = Release|Any CPU
		{0FB216C1-BE6F-4671-A85F-D439ABABF319}.Release|x64.Build.0 = Release|Any CPU
		{0FB216C1-BE6F-4671-A85F-D439ABABF319}.Release|x86.ActiveCfg = Release|Any CPU
		{0FB216C1-BE6F-4671-A85F-D439ABABF319}.Release|x86.Build.0 = Release|Any CPU
		{17D8740D-1B25-4E2B-9543-CCA1E7BA6C50}.Debug|Any CPU.ActiveCfg = Debug|Any CPU
		{17D8740D-1B25-4E2B-9543-CCA1E7BA6C50}.Debug|Any CPU.Build.0 = Debug|Any CPU
		{17D8740D-1B25-4E2B-9543-CCA1E7BA6C50}.Debug|x64.ActiveCfg = Debug|Any CPU
		{17D8740D-1B25-4E2B-9543-CCA1E7BA6C50}.Debug|x64.Build.0 = Debug|Any CPU
		{17D8740D-1B25-4E2B-9543-CCA1E7BA6C50}.Debug|x86.ActiveCfg = Debug|Any CPU
		{17D8740D-1B25-4E2B-9543-CCA1E7BA6C50}.Debug|x86.Build.0 = Debug|Any CPU
		{17D8740D-1B25-4E2B-9543-CCA1E7BA6C50}.Release|Any CPU.ActiveCfg = Release|Any CPU
		{17D8740D-1B25-4E2B-9543-CCA1E7BA6C50}.Release|Any CPU.Build.0 = Release|Any CPU
		{17D8740D-1B25-4E2B-9543-CCA1E7BA6C50}.Release|x64.ActiveCfg = Release|Any CPU
		{17D8740D-1B25-4E2B-9543-CCA1E7BA6C50}.Release|x64.Build.0 = Release|Any CPU
		{17D8740D-1B25-4E2B-9543-CCA1E7BA6C50}.Release|x86.ActiveCfg = Release|Any CPU
		{17D8740D-1B25-4E2B-9543-CCA1E7BA6C50}.Release|x86.Build.0 = Release|Any CPU
		{F14C6444-2321-4FBC-AD91-3B6A66331212}.Debug|Any CPU.ActiveCfg = Debug|Any CPU
		{F14C6444-2321-4FBC-AD91-3B6A66331212}.Debug|Any CPU.Build.0 = Debug|Any CPU
		{F14C6444-2321-4FBC-AD91-3B6A66331212}.Debug|x64.ActiveCfg = Debug|Any CPU
		{F14C6444-2321-4FBC-AD91-3B6A66331212}.Debug|x64.Build.0 = Debug|Any CPU
		{F14C6444-2321-4FBC-AD91-3B6A66331212}.Debug|x86.ActiveCfg = Debug|Any CPU
		{F14C6444-2321-4FBC-AD91-3B6A66331212}.Debug|x86.Build.0 = Debug|Any CPU
		{F14C6444-2321-4FBC-AD91-3B6A66331212}.Release|Any CPU.ActiveCfg = Release|Any CPU
		{F14C6444-2321-4FBC-AD91-3B6A66331212}.Release|Any CPU.Build.0 = Release|Any CPU
		{F14C6444-2321-4FBC-AD91-3B6A66331212}.Release|x64.ActiveCfg = Release|Any CPU
		{F14C6444-2321-4FBC-AD91-3B6A66331212}.Release|x64.Build.0 = Release|Any CPU
		{F14C6444-2321-4FBC-AD91-3B6A66331212}.Release|x86.ActiveCfg = Release|Any CPU
		{F14C6444-2321-4FBC-AD91-3B6A66331212}.Release|x86.Build.0 = Release|Any CPU
		{3D233BF8-237D-42C7-9A56-2C21907FC997}.Debug|Any CPU.ActiveCfg = Debug|Any CPU
		{3D233BF8-237D-42C7-9A56-2C21907FC997}.Debug|Any CPU.Build.0 = Debug|Any CPU
		{3D233BF8-237D-42C7-9A56-2C21907FC997}.Debug|x64.ActiveCfg = Debug|Any CPU
		{3D233BF8-237D-42C7-9A56-2C21907FC997}.Debug|x64.Build.0 = Debug|Any CPU
		{3D233BF8-237D-42C7-9A56-2C21907FC997}.Debug|x86.ActiveCfg = Debug|Any CPU
		{3D233BF8-237D-42C7-9A56-2C21907FC997}.Debug|x86.Build.0 = Debug|Any CPU
		{3D233BF8-237D-42C7-9A56-2C21907FC997}.Release|Any CPU.ActiveCfg = Release|Any CPU
		{3D233BF8-237D-42C7-9A56-2C21907FC997}.Release|Any CPU.Build.0 = Release|Any CPU
		{3D233BF8-237D-42C7-9A56-2C21907FC997}.Release|x64.ActiveCfg = Release|Any CPU
		{3D233BF8-237D-42C7-9A56-2C21907FC997}.Release|x64.Build.0 = Release|Any CPU
		{3D233BF8-237D-42C7-9A56-2C21907FC997}.Release|x86.ActiveCfg = Release|Any CPU
		{3D233BF8-237D-42C7-9A56-2C21907FC997}.Release|x86.Build.0 = Release|Any CPU
		{8128DEE8-1B6C-4FC0-BD1B-668FE7E2E967}.Debug|Any CPU.ActiveCfg = Debug|Any CPU
		{8128DEE8-1B6C-4FC0-BD1B-668FE7E2E967}.Debug|Any CPU.Build.0 = Debug|Any CPU
		{8128DEE8-1B6C-4FC0-BD1B-668FE7E2E967}.Debug|x64.ActiveCfg = Debug|Any CPU
		{8128DEE8-1B6C-4FC0-BD1B-668FE7E2E967}.Debug|x64.Build.0 = Debug|Any CPU
		{8128DEE8-1B6C-4FC0-BD1B-668FE7E2E967}.Debug|x86.ActiveCfg = Debug|Any CPU
		{8128DEE8-1B6C-4FC0-BD1B-668FE7E2E967}.Debug|x86.Build.0 = Debug|Any CPU
		{8128DEE8-1B6C-4FC0-BD1B-668FE7E2E967}.Release|Any CPU.ActiveCfg = Release|Any CPU
		{8128DEE8-1B6C-4FC0-BD1B-668FE7E2E967}.Release|Any CPU.Build.0 = Release|Any CPU
		{8128DEE8-1B6C-4FC0-BD1B-668FE7E2E967}.Release|x64.ActiveCfg = Release|Any CPU
		{8128DEE8-1B6C-4FC0-BD1B-668FE7E2E967}.Release|x64.Build.0 = Release|Any CPU
		{8128DEE8-1B6C-4FC0-BD1B-668FE7E2E967}.Release|x86.ActiveCfg = Release|Any CPU
		{8128DEE8-1B6C-4FC0-BD1B-668FE7E2E967}.Release|x86.Build.0 = Release|Any CPU
	EndGlobalSection
	GlobalSection(SolutionProperties) = preSolution
		HideSolutionNode = FALSE
	EndGlobalSection
	GlobalSection(NestedProjects) = preSolution
		{DD3B71F9-B51C-4F7A-AA56-C5B487E62C0F} = {D0AD4232-B6D4-4487-9723-0FBE3823F0FB}
		{AB5DC173-24AB-449E-A379-64FF2CE32FB5} = {C4316482-D7B7-455C-85FC-C55FE8F2D6B5}
		{66FE1991-7B9F-45A1-B245-15FCBA53A9C7} = {7422C862-C297-4D91-BF3F-0FD4454964F3}
		{652063B7-85E7-4261-9C88-EDB694BA69AE} = {C4316482-D7B7-455C-85FC-C55FE8F2D6B5}
		{95EAC513-4047-455A-96B7-2A54893378E5} = {F6801D73-6A08-42AC-B11C-AB09CC29C4B5}
		{0FB216C1-BE6F-4671-A85F-D439ABABF319} = {81F61650-1742-4039-AF11-F9C38983F44E}
		{17D8740D-1B25-4E2B-9543-CCA1E7BA6C50} = {81F61650-1742-4039-AF11-F9C38983F44E}
		{F14C6444-2321-4FBC-AD91-3B6A66331212} = {F6801D73-6A08-42AC-B11C-AB09CC29C4B5}
		{3D233BF8-237D-42C7-9A56-2C21907FC997} = {F6801D73-6A08-42AC-B11C-AB09CC29C4B5}
		{8128DEE8-1B6C-4FC0-BD1B-668FE7E2E967} = {7422C862-C297-4D91-BF3F-0FD4454964F3}
	EndGlobalSection
	GlobalSection(ExtensibilityGlobals) = postSolution
		SolutionGuid = {D0540F84-8842-49F5-9278-0F48F0D63462}
	EndGlobalSection
EndGlobal
